
Microsoft Visual Studio Solution File, Format Version 12.00
# Visual Studio Version 16
VisualStudioVersion = 16.0.31702.278
MinimumVisualStudioVersion = 10.0.40219.1
Project("{9A19103F-16F7-4668-BE54-9A1E7A4F7556}") = "RpgInterpreterTests", "RpgInterpreterTests\RpgInterpreterTests.csproj", "{D1A24E3D-0E64-4831-8F60-BB5942793E07}"
EndProject
Project("{9A19103F-16F7-4668-BE54-9A1E7A4F7556}") = "RpgInterpreter", "RpgInterpreter\RpgInterpreter.csproj", "{D05C6479-7C43-4DAF-8AF7-FECB27CC2E90}"
EndProject
Global
	GlobalSection(SolutionConfigurationPlatforms) = preSolution
		Debug|Any CPU = Debug|Any CPU
		Release|Any CPU = Release|Any CPU
	EndGlobalSection
	GlobalSection(ProjectConfigurationPlatforms) = postSolution
		{D1A24E3D-0E64-4831-8F60-BB5942793E07}.Debug|Any CPU.ActiveCfg = Debug|Any CPU
		{D1A24E3D-0E64-4831-8F60-BB5942793E07}.Debug|Any CPU.Build.0 = Debug|Any CPU
		{D1A24E3D-0E64-4831-8F60-BB5942793E07}.Release|Any CPU.ActiveCfg = Release|Any CPU
		{D1A24E3D-0E64-4831-8F60-BB5942793E07}.Release|Any CPU.Build.0 = Release|Any CPU
		{D05C6479-7C43-4DAF-8AF7-FECB27CC2E90}.Debug|Any CPU.ActiveCfg = Debug|Any CPU
		{D05C6479-7C43-4DAF-8AF7-FECB27CC2E90}.Debug|Any CPU.Build.0 = Debug|Any CPU
		{D05C6479-7C43-4DAF-8AF7-FECB27CC2E90}.Release|Any CPU.ActiveCfg = Release|Any CPU
		{D05C6479-7C43-4DAF-8AF7-FECB27CC2E90}.Release|Any CPU.Build.0 = Release|Any CPU
	EndGlobalSection
	GlobalSection(SolutionProperties) = preSolution
		HideSolutionNode = FALSE
	EndGlobalSection
	GlobalSection(ExtensibilityGlobals) = postSolution
		SolutionGuid = {7423ADEC-7CB7-4662-9711-1CA12B43869A}
	EndGlobalSection
EndGlobal
